
Microsoft Visual Studio Solution File, Format Version 12.00
# Visual Studio 15
VisualStudioVersion = 15.0.27130.2027
MinimumVisualStudioVersion = 10.0.40219.1
Project("{FAE04EC0-301F-11D3-BF4B-00C04F79EFBC}") = "ToDoList.Android", "ToDoList\ToDoList.Android\ToDoList.Android.csproj", "{E3292499-B6F2-4BC2-B315-3FE59FEB028E}"
EndProject
Project("{FAE04EC0-301F-11D3-BF4B-00C04F79EFBC}") = "ToDoList.iOS", "ToDoList\ToDoList.iOS\ToDoList.iOS.csproj", "{11721C6F-FAA4-44DF-A254-AFAE25CCB849}"
EndProject
Project("{FAE04EC0-301F-11D3-BF4B-00C04F79EFBC}") = "ToDoList", "ToDoList\ToDoList\ToDoList.csproj", "{906251DE-C77F-4EB6-9A04-202F4771A953}"
EndProject
Global
	GlobalSection(SolutionConfigurationPlatforms) = preSolution
		Ad-Hoc|Any CPU = Ad-Hoc|Any CPU
		Ad-Hoc|iPhone = Ad-Hoc|iPhone
		Ad-Hoc|iPhoneSimulator = Ad-Hoc|iPhoneSimulator
		AppStore|Any CPU = AppStore|Any CPU
		AppStore|iPhone = AppStore|iPhone
		AppStore|iPhoneSimulator = AppStore|iPhoneSimulator
		Debug|Any CPU = Debug|Any CPU
		Debug|iPhone = Debug|iPhone
		Debug|iPhoneSimulator = Debug|iPhoneSimulator
		Release|Any CPU = Release|Any CPU
		Release|iPhone = Release|iPhone
		Release|iPhoneSimulator = Release|iPhoneSimulator
	EndGlobalSection
	GlobalSection(ProjectConfigurationPlatforms) = postSolution
		{E3292499-B6F2-4BC2-B315-3FE59FEB028E}.Ad-Hoc|Any CPU.ActiveCfg = Release|Any CPU
		{E3292499-B6F2-4BC2-B315-3FE59FEB028E}.Ad-Hoc|Any CPU.Build.0 = Release|Any CPU
		{E3292499-B6F2-4BC2-B315-3FE59FEB028E}.Ad-Hoc|Any CPU.Deploy.0 = Release|Any CPU
		{E3292499-B6F2-4BC2-B315-3FE59FEB028E}.Ad-Hoc|iPhone.ActiveCfg = Release|Any CPU
		{E3292499-B6F2-4BC2-B315-3FE59FEB028E}.Ad-Hoc|iPhone.Build.0 = Release|Any CPU
		{E3292499-B6F2-4BC2-B315-3FE59FEB028E}.Ad-Hoc|iPhone.Deploy.0 = Release|Any CPU
		{E3292499-B6F2-4BC2-B315-3FE59FEB028E}.Ad-Hoc|iPhoneSimulator.ActiveCfg = Release|Any CPU
		{E3292499-B6F2-4BC2-B315-3FE59FEB028E}.Ad-Hoc|iPhoneSimulator.Build.0 = Release|Any CPU
		{E3292499-B6F2-4BC2-B315-3FE59FEB028E}.Ad-Hoc|iPhoneSimulator.Deploy.0 = Release|Any CPU
		{E3292499-B6F2-4BC2-B315-3FE59FEB028E}.AppStore|Any CPU.ActiveCfg = Release|Any CPU
		{E3292499-B6F2-4BC2-B315-3FE59FEB028E}.AppStore|Any CPU.Build.0 = Release|Any CPU
		{E3292499-B6F2-4BC2-B315-3FE59FEB028E}.AppStore|Any CPU.Deploy.0 = Release|Any CPU
		{E3292499-B6F2-4BC2-B315-3FE59FEB028E}.AppStore|iPhone.ActiveCfg = Release|Any CPU
		{E3292499-B6F2-4BC2-B315-3FE59FEB028E}.AppStore|iPhone.Build.0 = Release|Any CPU
		{E3292499-B6F2-4BC2-B315-3FE59FEB028E}.AppStore|iPhone.Deploy.0 = Release|Any CPU
		{E3292499-B6F2-4BC2-B315-3FE59FEB028E}.AppStore|iPhoneSimulator.ActiveCfg = Release|Any CPU
		{E3292499-B6F2-4BC2-B315-3FE59FEB028E}.AppStore|iPhoneSimulator.Build.0 = Release|Any CPU
		{E3292499-B6F2-4BC2-B315-3FE59FEB028E}.AppStore|iPhoneSimulator.Deploy.0 = Release|Any CPU
		{E3292499-B6F2-4BC2-B315-3FE59FEB028E}.Debug|Any CPU.ActiveCfg = Debug|Any CPU
		{E3292499-B6F2-4BC2-B315-3FE59FEB028E}.Debug|Any CPU.Build.0 = Debug|Any CPU
		{E3292499-B6F2-4BC2-B315-3FE59FEB028E}.Debug|Any CPU.Deploy.0 = Debug|Any CPU
		{E3292499-B6F2-4BC2-B315-3FE59FEB028E}.Debug|iPhone.ActiveCfg = Debug|Any CPU
		{E3292499-B6F2-4BC2-B315-3FE59FEB028E}.Debug|iPhone.Build.0 = Debug|Any CPU
		{E3292499-B6F2-4BC2-B315-3FE59FEB028E}.Debug|iPhone.Deploy.0 = Debug|Any CPU
		{E3292499-B6F2-4BC2-B315-3FE59FEB028E}.Debug|iPhoneSimulator.ActiveCfg = Debug|Any CPU
		{E3292499-B6F2-4BC2-B315-3FE59FEB028E}.Debug|iPhoneSimulator.Build.0 = Debug|Any CPU
		{E3292499-B6F2-4BC2-B315-3FE59FEB028E}.Debug|iPhoneSimulator.Deploy.0 = Debug|Any CPU
		{E3292499-B6F2-4BC2-B315-3FE59FEB028E}.Release|Any CPU.ActiveCfg = Release|Any CPU
		{E3292499-B6F2-4BC2-B315-3FE59FEB028E}.Release|Any CPU.Build.0 = Release|Any CPU
		{E3292499-B6F2-4BC2-B315-3FE59FEB028E}.Release|Any CPU.Deploy.0 = Release|Any CPU
		{E3292499-B6F2-4BC2-B315-3FE59FEB028E}.Release|iPhone.ActiveCfg = Release|Any CPU
		{E3292499-B6F2-4BC2-B315-3FE59FEB028E}.Release|iPhone.Build.0 = Release|Any CPU
		{E3292499-B6F2-4BC2-B315-3FE59FEB028E}.Release|iPhone.Deploy.0 = Release|Any CPU
		{E3292499-B6F2-4BC2-B315-3FE59FEB028E}.Release|iPhoneSimulator.ActiveCfg = Release|Any CPU
		{E3292499-B6F2-4BC2-B315-3FE59FEB028E}.Release|iPhoneSimulator.Build.0 = Release|Any CPU
		{E3292499-B6F2-4BC2-B315-3FE59FEB028E}.Release|iPhoneSimulator.Deploy.0 = Release|Any CPU
		{11721C6F-FAA4-44DF-A254-AFAE25CCB849}.Ad-Hoc|Any CPU.ActiveCfg = Ad-Hoc|iPhone
		{11721C6F-FAA4-44DF-A254-AFAE25CCB849}.Ad-Hoc|iPhone.ActiveCfg = Ad-Hoc|iPhone
		{11721C6F-FAA4-44DF-A254-AFAE25CCB849}.Ad-Hoc|iPhone.Build.0 = Ad-Hoc|iPhone
		{11721C6F-FAA4-44DF-A254-AFAE25CCB849}.Ad-Hoc|iPhoneSimulator.ActiveCfg = Ad-Hoc|iPhoneSimulator
		{11721C6F-FAA4-44DF-A254-AFAE25CCB849}.Ad-Hoc|iPhoneSimulator.Build.0 = Ad-Hoc|iPhoneSimulator
		{11721C6F-FAA4-44DF-A254-AFAE25CCB849}.AppStore|Any CPU.ActiveCfg = AppStore|iPhone
		{11721C6F-FAA4-44DF-A254-AFAE25CCB849}.AppStore|iPhone.ActiveCfg = AppStore|iPhone
		{11721C6F-FAA4-44DF-A254-AFAE25CCB849}.AppStore|iPhone.Build.0 = AppStore|iPhone
		{11721C6F-FAA4-44DF-A254-AFAE25CCB849}.AppStore|iPhoneSimulator.ActiveCfg = AppStore|iPhoneSimulator
		{11721C6F-FAA4-44DF-A254-AFAE25CCB849}.AppStore|iPhoneSimulator.Build.0 = AppStore|iPhoneSimulator
		{11721C6F-FAA4-44DF-A254-AFAE25CCB849}.Debug|Any CPU.ActiveCfg = Debug|iPhone
		{11721C6F-FAA4-44DF-A254-AFAE25CCB849}.Debug|iPhone.ActiveCfg = Debug|iPhone
		{11721C6F-FAA4-44DF-A254-AFAE25CCB849}.Debug|iPhone.Build.0 = Debug|iPhone
		{11721C6F-FAA4-44DF-A254-AFAE25CCB849}.Debug|iPhoneSimulator.ActiveCfg = Debug|iPhoneSimulator
		{11721C6F-FAA4-44DF-A254-AFAE25CCB849}.Debug|iPhoneSimulator.Build.0 = Debug|iPhoneSimulator
		{11721C6F-FAA4-44DF-A254-AFAE25CCB849}.Release|Any CPU.ActiveCfg = Release|iPhone
		{11721C6F-FAA4-44DF-A254-AFAE25CCB849}.Release|iPhone.ActiveCfg = Release|iPhone
		{11721C6F-FAA4-44DF-A254-AFAE25CCB849}.Release|iPhone.Build.0 = Release|iPhone
		{11721C6F-FAA4-44DF-A254-AFAE25CCB849}.Release|iPhoneSimulator.ActiveCfg = Release|iPhoneSimulator
		{11721C6F-FAA4-44DF-A254-AFAE25CCB849}.Release|iPhoneSimulator.Build.0 = Release|iPhoneSimulator
		{906251DE-C77F-4EB6-9A04-202F4771A953}.Ad-Hoc|Any CPU.ActiveCfg = Debug|Any CPU
		{906251DE-C77F-4EB6-9A04-202F4771A953}.Ad-Hoc|Any CPU.Build.0 = Debug|Any CPU
		{906251DE-C77F-4EB6-9A04-202F4771A953}.Ad-Hoc|iPhone.ActiveCfg = Debug|Any CPU
		{906251DE-C77F-4EB6-9A04-202F4771A953}.Ad-Hoc|iPhone.Build.0 = Debug|Any CPU
		{906251DE-C77F-4EB6-9A04-202F4771A953}.Ad-Hoc|iPhoneSimulator.ActiveCfg = Debug|Any CPU
		{906251DE-C77F-4EB6-9A04-202F4771A953}.Ad-Hoc|iPhoneSimulator.Build.0 = Debug|Any CPU
		{906251DE-C77F-4EB6-9A04-202F4771A953}.AppStore|Any CPU.ActiveCfg = Debug|Any CPU
		{906251DE-C77F-4EB6-9A04-202F4771A953}.AppStore|Any CPU.Build.0 = Debug|Any CPU
		{906251DE-C77F-4EB6-9A04-202F4771A953}.AppStore|iPhone.ActiveCfg = Debug|Any CPU
		{906251DE-C77F-4EB6-9A04-202F4771A953}.AppStore|iPhone.Build.0 = Debug|Any CPU
		{906251DE-C77F-4EB6-9A04-202F4771A953}.AppStore|iPhoneSimulator.ActiveCfg = Debug|Any CPU
		{906251DE-C77F-4EB6-9A04-202F4771A953}.AppStore|iPhoneSimulator.Build.0 = Debug|Any CPU
		{906251DE-C77F-4EB6-9A04-202F4771A953}.Debug|Any CPU.ActiveCfg = Debug|Any CPU
		{906251DE-C77F-4EB6-9A04-202F4771A953}.Debug|Any CPU.Build.0 = Debug|Any CPU
		{906251DE-C77F-4EB6-9A04-202F4771A953}.Debug|iPhone.ActiveCfg = Debug|Any CPU
		{906251DE-C77F-4EB6-9A04-202F4771A953}.Debug|iPhone.Build.0 = Debug|Any CPU
		{906251DE-C77F-4EB6-9A04-202F4771A953}.Debug|iPhoneSimulator.ActiveCfg = Debug|Any CPU
		{906251DE-C77F-4EB6-9A04-202F4771A953}.Debug|iPhoneSimulator.Build.0 = Debug|Any CPU
		{906251DE-C77F-4EB6-9A04-202F4771A953}.Release|Any CPU.ActiveCfg = Release|Any CPU
		{906251DE-C77F-4EB6-9A04-202F4771A953}.Release|Any CPU.Build.0 = Release|Any CPU
		{906251DE-C77F-4EB6-9A04-202F4771A953}.Release|iPhone.ActiveCfg = Release|Any CPU
		{906251DE-C77F-4EB6-9A04-202F4771A953}.Release|iPhone.Build.0 = Release|Any CPU
		{906251DE-C77F-4EB6-9A04-202F4771A953}.Release|iPhoneSimulator.ActiveCfg = Release|Any CPU
		{906251DE-C77F-4EB6-9A04-202F4771A953}.Release|iPhoneSimulator.Build.0 = Release|Any CPU
	EndGlobalSection
	GlobalSection(SolutionProperties) = preSolution
		HideSolutionNode = FALSE
	EndGlobalSection
	GlobalSection(ExtensibilityGlobals) = postSolution
		SolutionGuid = {6FB023F0-1DD9-4CB2-B52F-575C0F679949}
	EndGlobalSection
EndGlobal
